{
  "nodes": {
    "agent-skills": {
      "inputs": {
        "home-manager": "home-manager",
        "nixpkgs": [
          "nixpkgs"
        ]
      },
      "locked": {
        "lastModified": 1772204473,
        "narHash": "sha256-iT3F56ad9zxrY7BCjVIyBk8xHwnULL3WcJOdQc+HHVU=",
        "owner": "Kyure-A",
        "repo": "agent-skills-nix",
        "rev": "9ee599cb979640aa403083106743a3e3f6458645",
        "type": "github"
      },
      "original": {
        "owner": "Kyure-A",
        "repo": "agent-skills-nix",
        "type": "github"
      }
    },
    "home-manager": {
      "inputs": {
        "nixpkgs": [
          "agent-skills",
          "nixpkgs"
        ]
      },
      "locked": {
        "lastModified": 1771756436,
        "narHash": "sha256-Tl2I0YXdhSTufGqAaD1ySh8x+cvVsEI1mJyJg12lxhI=",
        "owner": "nix-community",
        "repo": "home-manager",
        "rev": "5bd3589390b431a63072868a90c0f24771ff4cbb",
        "type": "github"
      },
      "original": {
        "owner": "nix-community",
        "repo": "home-manager",
        "type": "github"
      }
    },
    "nixpkgs": {
      "locked": {
        "lastModified": 1772173633,
        "narHash": "sha256-MOH58F4AIbCkh6qlQcwMycyk5SWvsqnS/TCfnqDlpj4=",
        "owner": "NixOS",
        "repo": "nixpkgs",
        "rev": "c0f3d81a7ddbc2b1332be0d8481a672b4f6004d6",
        "type": "github"
      },
      "original": {
        "owner": "NixOS",
        "ref": "nixpkgs-unstable",
        "repo": "nixpkgs",
        "type": "github"
      }
    },
    "root": {
      "inputs": {
        "agent-skills": "agent-skills",
        "nixpkgs": "nixpkgs",
        "stackone-skills": "stackone-skills"
      }
    },
    "stackone-skills": {
      "flake": false,
      "locked": {
        "lastModified": 1772443399,
        "narHash": "sha256-4g5dA49A+dI8dmbHPGB5qQ3vmkER5RIAWkTP822eg4w=",
        "owner": "StackOneHQ",
        "repo": "skills",
        "rev": "201761b55298ef5379759198d1eba5ff5a47e86a",
        "type": "github"
      },
      "original": {
        "owner": "StackOneHQ",
        "repo": "skills",
        "type": "github"
      }
    }
  },
  "root": "root",
  "version": 7
}
