{
  "nodes": {
    "agent-skills": {
      "inputs": {
        "home-manager": "home-manager",
        "nixpkgs": [
          "nixpkgs"
        ]
      },
      "locked": {
        "lastModified": 1772640663,
        "narHash": "sha256-apWnei/2LGgJ247h4WpPQsGooWot4I3CX2PzPsXGx3A=",
        "owner": "Kyure-A",
        "repo": "agent-skills-nix",
        "rev": "0e74b9e4b998807c21ab7ac49d00074aee5df96c",
        "type": "github"
      },
      "original": {
        "owner": "Kyure-A",
        "repo": "agent-skills-nix",
        "type": "github"
      }
    },
    "home-manager": {
      "inputs": {
        "nixpkgs": [
          "agent-skills",
          "nixpkgs"
        ]
      },
      "locked": {
        "lastModified": 1772380461,
        "narHash": "sha256-O3ukj3Bb3V0Tiy/4LUfLlBpWypJ9P0JeUgsKl2nmZZY=",
        "owner": "nix-community",
        "repo": "home-manager",
        "rev": "f140aa04d7d14f8a50ab27f3691b5766b17ae961",
        "type": "github"
      },
      "original": {
        "owner": "nix-community",
        "repo": "home-manager",
        "type": "github"
      }
    },
    "nixpkgs": {
      "locked": {
        "lastModified": 1772927210,
        "narHash": "sha256-FdRDRoV0jRTiPK5ID22BaUX5P0wdsclpxtIOjaEy9Lo=",
        "owner": "NixOS",
        "repo": "nixpkgs",
        "rev": "0e6cdd5be64608ef630c2e41f8d51d484468492f",
        "type": "github"
      },
      "original": {
        "owner": "NixOS",
        "ref": "nixpkgs-unstable",
        "repo": "nixpkgs",
        "type": "github"
      }
    },
    "root": {
      "inputs": {
        "agent-skills": "agent-skills",
        "nixpkgs": "nixpkgs",
        "stackone-skills": "stackone-skills"
      }
    },
    "stackone-skills": {
      "flake": false,
      "locked": {
        "lastModified": 1773048172,
        "narHash": "sha256-d5KYUBes9A3jqJwetJVcGJWHo5sCwKr9CuKIituD4Mo=",
        "owner": "StackOneHQ",
        "repo": "skills",
        "rev": "844c77605754ebe26b984313700792b0b4325bd0",
        "type": "github"
      },
      "original": {
        "owner": "StackOneHQ",
        "repo": "skills",
        "type": "github"
      }
    }
  },
  "root": "root",
  "version": 7
}
